{
  "name": "vikendica-zlatar-site",
  "lockfileVersion": 3,
  "requires": true,
  "packages": {
    "": {
      "name": "vikendica-zlatar-site",
      "dependencies": {
        "nodemailer": "^8.0.6"
      },
      "engines": {
        "node": ">=18"
      }
    },
    "node_modules/nodemailer": {
      "version": "8.0.6",
      "resolved": "https://registry.npmjs.org/nodemailer/-/nodemailer-8.0.6.tgz",
      "integrity": "sha512-Nm2XeuDwwy2wi5A+8jPWwQwNzcjNjhWdE3pVLoXEusxJqCnAPAgnBGkSmiLknbnWuOF9qraRpYZjfxqtKZ4tPw==",
      "license": "MIT-0",
      "engines": {
        "node": ">=6.0.0"
      }
    }
  }
}
